
Microsoft Visual Studio Solution File, Format Version 12.00
# Visual Studio Version 16
VisualStudioVersion = 16.0.30523.141
MinimumVisualStudioVersion = 10.0.40219.1
Project("{FAE04EC0-301F-11D3-BF4B-00C04F79EFBC}") = "ColeccionQueu", "ColeccionQueu.csproj", "{14752D78-FC6B-49BE-AEFB-A285B74CB99D}"
EndProject
Global
	GlobalSection(SolutionConfigurationPlatforms) = preSolution
		Debug|Any CPU = Debug|Any CPU
		Release|Any CPU = Release|Any CPU
	EndGlobalSection
	GlobalSection(ProjectConfigurationPlatforms) = postSolution
		{14752D78-FC6B-49BE-AEFB-A285B74CB99D}.Debug|Any CPU.ActiveCfg = Debug|Any CPU
		{14752D78-FC6B-49BE-AEFB-A285B74CB99D}.Debug|Any CPU.Build.0 = Debug|Any CPU
		{14752D78-FC6B-49BE-AEFB-A285B74CB99D}.Release|Any CPU.ActiveCfg = Release|Any CPU
		{14752D78-FC6B-49BE-AEFB-A285B74CB99D}.Release|Any CPU.Build.0 = Release|Any CPU
	EndGlobalSection
	GlobalSection(SolutionProperties) = preSolution
		HideSolutionNode = FALSE
	EndGlobalSection
	GlobalSection(ExtensibilityGlobals) = postSolution
		SolutionGuid = {C94E584D-C8BB-4844-9C47-DE5132D9F30D}
	EndGlobalSection
EndGlobal
